
Microsoft Visual Studio Solution File, Format Version 12.00
# Visual Studio Version 17
VisualStudioVersion = 17.4.33122.133
MinimumVisualStudioVersion = 10.0.40219.1
Project("{FAE04EC0-301F-11D3-BF4B-00C04F79EFBC}") = "02_TwoCombos", "02_TwoCombos\02_TwoCombos.csproj", "{88E2EFFC-78FD-4E8B-BDAA-D2993EB62379}"
EndProject
Project("{FAE04EC0-301F-11D3-BF4B-00C04F79EFBC}") = "03_OtoPark", "03_OtoPark\03_OtoPark.csproj", "{570B1412-149A-47B6-9541-F63CF1C2DB50}"
EndProject
Global
	GlobalSection(SolutionConfigurationPlatforms) = preSolution
		Debug|Any CPU = Debug|Any CPU
		Release|Any CPU = Release|Any CPU
	EndGlobalSection
	GlobalSection(ProjectConfigurationPlatforms) = postSolution
		{88E2EFFC-78FD-4E8B-BDAA-D2993EB62379}.Debug|Any CPU.ActiveCfg = Debug|Any CPU
		{88E2EFFC-78FD-4E8B-BDAA-D2993EB62379}.Debug|Any CPU.Build.0 = Debug|Any CPU
		{88E2EFFC-78FD-4E8B-BDAA-D2993EB62379}.Release|Any CPU.ActiveCfg = Release|Any CPU
		{88E2EFFC-78FD-4E8B-BDAA-D2993EB62379}.Release|Any CPU.Build.0 = Release|Any CPU
		{570B1412-149A-47B6-9541-F63CF1C2DB50}.Debug|Any CPU.ActiveCfg = Debug|Any CPU
		{570B1412-149A-47B6-9541-F63CF1C2DB50}.Debug|Any CPU.Build.0 = Debug|Any CPU
		{570B1412-149A-47B6-9541-F63CF1C2DB50}.Release|Any CPU.ActiveCfg = Release|Any CPU
		{570B1412-149A-47B6-9541-F63CF1C2DB50}.Release|Any CPU.Build.0 = Release|Any CPU
	EndGlobalSection
	GlobalSection(SolutionProperties) = preSolution
		HideSolutionNode = FALSE
	EndGlobalSection
	GlobalSection(ExtensibilityGlobals) = postSolution
		SolutionGuid = {5AA55971-E7DC-48D6-B48D-779009542C7C}
	EndGlobalSection
EndGlobal
